<?xml version="1.0" encoding="utf-8"?>
<Project ToolsVersion="4.0" xmlns="http://schemas.microsoft.com/developer/msbuild/2003">
  <ItemGroup>
    <Filter Include="Source Files">
      <UniqueIdentifier>{4FC737F1-C7A5-4376-A066-2A32D752A2FF}</UniqueIdentifier>
      <Extensions>cpp;c;cc;cxx;def;odl;idl;hpj;bat;asm;asmx</Extensions>
    </Filter>
    <Filter Include="Header Files">
      <UniqueIdentifier>{93995380-89BD-4b04-88EB-625FBE52EBFB}</UniqueIdentifier>
      <Extensions>h;hh;hpp;hxx;hm;inl;inc;xsd</Extensions>
    </Filter>
    <Filter Include="Resource Files">
      <UniqueIdentifier>{67DA6AB6-F800-4c08-8B7A-83BB121AAD01}</UniqueIdentifier>
      <Extensions>rc;ico;cur;bmp;dlg;rc2;rct;bin;rgs;gif;jpg;jpeg;jpe;resx;tiff;tif;png;wav;mfcribbon-ms</Extensions>
    </Filter>
    <Filter Include="tasks">
      <UniqueIdentifier>{3136edc9-4d47-457a-84da-6f7a8a37293e}</UniqueIdentifier>
      <Extensions>*task.*</Extensions>
    </Filter>
    <Filter Include="tasks\ToDo">
      <UniqueIdentifier>{833751d6-753e-4210-80a4-ebd1ceb53d6f}</UniqueIdentifier>
    </Filter>
  </ItemGroup>
  <ItemGroup>
    <None Include="GPSTimer.ino" />
  </ItemGroup>
  <ItemGroup>
    <ClInclude Include="__vm\.GPSTimer.vsarduino.h">
      <Filter>Header Files</Filter>
    </ClInclude>
    <ClInclude Include="LcdIo.h">
      <Filter>Header Files</Filter>
    </ClInclude>
    <ClInclude Include="DataRecord.h">
      <Filter>Header Files</Filter>
    </ClInclude>
    <ClInclude Include="ExpressTask.h">
      <Filter>Header Files</Filter>
    </ClInclude>
    <ClInclude Include="TaskBase.h">
      <Filter>Header Files</Filter>
    </ClInclude>
    <ClInclude Include="WaitHandles.h">
      <Filter>Header Files</Filter>
    </ClInclude>
    <ClInclude Include="WaitObject.h">
      <Filter>Header Files</Filter>
    </ClInclude>
    <ClInclude Include="Maybe.h">
      <Filter>Header Files</Filter>
    </ClInclude>
    <ClInclude Include="Scheduler.h">
      <Filter>Header Files</Filter>
    </ClInclude>
    <ClInclude Include="StaticAllocActivator.h">
      <Filter>Header Files</Filter>
    </ClInclude>
    <ClInclude Include="TaskList.h">
      <Filter>Header Files</Filter>
    </ClInclude>
    <ClInclude Include="TaskQueue.h">
      <Filter>Header Files</Filter>
    </ClInclude>
    <ClInclude Include="ConditionWrapper.h">
      <Filter>Header Files</Filter>
    </ClInclude>
    <ClInclude Include="PlacementNew.h">
      <Filter>Header Files</Filter>
    </ClInclude>
    <ClInclude Include="WriteQueue.h">
      <Filter>Header Files</Filter>
    </ClInclude>
    <ClInclude Include="Assert.h">
      <Filter>Header Files</Filter>
    </ClInclude>
    <ClInclude Include="Critical.h">
      <Filter>Header Files</Filter>
    </ClInclude>
    <ClInclude Include="EepromUnload.h">
      <Filter>Header Files</Filter>
    </ClInclude>
    <ClInclude Include="Globals.h">
      <Filter>Header Files</Filter>
    </ClInclude>
    <ClInclude Include="Startup.h">
      <Filter>Header Files</Filter>
    </ClInclude>
    <ClInclude Include="OperatingMode.h">
      <Filter>Header Files</Filter>
    </ClInclude>
    <ClInclude Include="Median.h">
      <Filter>Header Files</Filter>
    </ClInclude>
    <ClInclude Include="LcdBacklightTask.h">
      <Filter>tasks</Filter>
    </ClInclude>
    <ClInclude Include="LedIndicatorTask.h">
      <Filter>tasks</Filter>
    </ClInclude>
    <ClInclude Include="SoundTask.h">
      <Filter>tasks</Filter>
    </ClInclude>
    <ClInclude Include="NmeaReaderTask.h">
      <Filter>tasks</Filter>
    </ClInclude>
    <ClInclude Include="EepromWriterTask.h">
      <Filter>tasks</Filter>
    </ClInclude>
    <ClInclude Include="TinyGPS-mod.h">
      <Filter>Header Files</Filter>
    </ClInclude>
    <ClInclude Include="ButtonsReaderTask.h">
      <Filter>tasks</Filter>
    </ClInclude>
    <ClInclude Include="Buttons.h">
      <Filter>Header Files</Filter>
    </ClInclude>
    <ClInclude Include="LcdInfoTask.h">
      <Filter>tasks</Filter>
    </ClInclude>
    <ClInclude Include="GlobalConfig.h">
      <Filter>Header Files</Filter>
    </ClInclude>
    <ClInclude Include="Optimize.h">
      <Filter>Header Files</Filter>
    </ClInclude>
  </ItemGroup>
  <ItemGroup>
    <ClCompile Include="LcdIo.cpp">
      <Filter>Source Files</Filter>
    </ClCompile>
    <ClCompile Include="TaskBase.cpp">
      <Filter>Source Files</Filter>
    </ClCompile>
    <ClCompile Include="WaitHandles.cpp">
      <Filter>Source Files</Filter>
    </ClCompile>
    <ClCompile Include="Scheduler.cpp">
      <Filter>Source Files</Filter>
    </ClCompile>
    <ClCompile Include="TaskQueue.cpp">
      <Filter>Source Files</Filter>
    </ClCompile>
    <ClCompile Include="EepromUnload.cpp">
      <Filter>Source Files</Filter>
    </ClCompile>
    <ClCompile Include="Globals.cpp">
      <Filter>Source Files</Filter>
    </ClCompile>
    <ClCompile Include="Startup.cpp">
      <Filter>Source Files</Filter>
    </ClCompile>
    <ClCompile Include="OperatingMode.cpp">
      <Filter>Source Files</Filter>
    </ClCompile>
    <ClCompile Include="abort.cpp">
      <Filter>Source Files</Filter>
    </ClCompile>
    <ClCompile Include="LcdBacklightTask.cpp">
      <Filter>tasks</Filter>
    </ClCompile>
    <ClCompile Include="LedIndicatorTask.cpp">
      <Filter>tasks</Filter>
    </ClCompile>
    <ClCompile Include="SoundTask.cpp">
      <Filter>tasks</Filter>
    </ClCompile>
    <ClCompile Include="NmeaReaderTask.cpp">
      <Filter>tasks</Filter>
    </ClCompile>
    <ClCompile Include="EepromWriterTask.cpp">
      <Filter>tasks</Filter>
    </ClCompile>
    <ClCompile Include="TinyGPS-mod.cpp">
      <Filter>Source Files</Filter>
    </ClCompile>
    <ClCompile Include="ButtonsReaderTask.cpp">
      <Filter>tasks</Filter>
    </ClCompile>
    <ClCompile Include="LcdInfoTask.cpp">
      <Filter>tasks\ToDo</Filter>
    </ClCompile>
    <ClCompile Include="GlobalConfig.cpp">
      <Filter>Source Files</Filter>
    </ClCompile>
  </ItemGroup>
  <ItemGroup>
    <Text Include="ToDo.txt" />
  </ItemGroup>
</Project>